// !$*UTF8*$!
{
	archiveVersion = 1;
	classes = {
	};
	objectVersion = 55;
	objects = {

/* Begin PBXBuildFile section */
		4CF1FEFF2869F0D40035D9E3 /* AppDelegate.swift in Sources */ = {isa = PBXBuildFile; fileRef = 4CF1FEFE2869F0D40035D9E3 /* AppDelegate.swift */; };
		4CF1FF012869F0D40035D9E3 /* SceneDelegate.swift in Sources */ = {isa = PBXBuildFile; fileRef = 4CF1FF002869F0D40035D9E3 /* SceneDelegate.swift */; };
		4CF1FF032869F0D40035D9E3 /* MapViewController.swift in Sources */ = {isa = PBXBuildFile; fileRef = 4CF1FF022869F0D40035D9E3 /* MapViewController.swift */; };
		4CF1FF082869F0DC0035D9E3 /* Assets.xcassets in Resources */ = {isa = PBXBuildFile; fileRef = 4CF1FF072869F0DC0035D9E3 /* Assets.xcassets */; };
		4CF1FF0B2869F0DC0035D9E3 /* LaunchScreen.storyboard in Resources */ = {isa = PBXBuildFile; fileRef = 4CF1FF092869F0DC0035D9E3 /* LaunchScreen.storyboard */; };
		4CF1FF17286A03CE0035D9E3 /* UIView + Extensions.swift in Sources */ = {isa = PBXBuildFile; fileRef = 4CF1FF16286A03CE0035D9E3 /* UIView + Extensions.swift */; };
		4CF1FF1B286A06C60035D9E3 /* ViewController + AlertController.swift in Sources */ = {isa = PBXBuildFile; fileRef = 4CF1FF1A286A06C60035D9E3 /* ViewController + AlertController.swift */; };
		4CF1FF1D286A06FA0035D9E3 /* Extension + String.swift in Sources */ = {isa = PBXBuildFile; fileRef = 4CF1FF1C286A06FA0035D9E3 /* Extension + String.swift */; };
/* End PBXBuildFile section */

/* Begin PBXFileReference section */
		4CF1FEFB2869F0D40035D9E3 /* Mappy.app */ = {isa = PBXFileReference; explicitFileType = wrapper.application; includeInIndex = 0; path = Mappy.app; sourceTree = BUILT_PRODUCTS_DIR; };
		4CF1FEFE2869F0D40035D9E3 /* AppDelegate.swift */ = {isa = PBXFileReference; lastKnownFileType = sourcecode.swift; path = AppDelegate.swift; sourceTree = "<group>"; };
		4CF1FF002869F0D40035D9E3 /* SceneDelegate.swift */ = {isa = PBXFileReference; lastKnownFileType = sourcecode.swift; path = SceneDelegate.swift; sourceTree = "<group>"; };
		4CF1FF022869F0D40035D9E3 /* MapViewController.swift */ = {isa = PBXFileReference; lastKnownFileType = sourcecode.swift; path = MapViewController.swift; sourceTree = "<group>"; };
		4CF1FF072869F0DC0035D9E3 /* Assets.xcassets */ = {isa = PBXFileReference; lastKnownFileType = folder.assetcatalog; path = Assets.xcassets; sourceTree = "<group>"; };
		4CF1FF0A2869F0DC0035D9E3 /* Base */ = {isa = PBXFileReference; lastKnownFileType = file.storyboard; name = Base; path = Base.lproj/LaunchScreen.storyboard; sourceTree = "<group>"; };
		4CF1FF0C2869F0DC0035D9E3 /* Info.plist */ = {isa = PBXFileReference; lastKnownFileType = text.plist.xml; path = Info.plist; sourceTree = "<group>"; };
		4CF1FF16286A03CE0035D9E3 /* UIView + Extensions.swift */ = {isa = PBXFileReference; fileEncoding = 4; lastKnownFileType = sourcecode.swift; path = "UIView + Extensions.swift"; sourceTree = "<group>"; };
		4CF1FF1A286A06C60035D9E3 /* ViewController + AlertController.swift */ = {isa = PBXFileReference; fileEncoding = 4; lastKnownFileType = sourcecode.swift; path = "ViewController + AlertController.swift"; sourceTree = "<group>"; };
		4CF1FF1C286A06FA0035D9E3 /* Extension + String.swift */ = {isa = PBXFileReference; fileEncoding = 4; lastKnownFileType = sourcecode.swift; path = "Extension + String.swift"; sourceTree = "<group>"; };
/* End PBXFileReference section */

/* Begin PBXFrameworksBuildPhase section */
		4CF1FEF82869F0D40035D9E3 /* Frameworks */ = {
			isa = PBXFrameworksBuildPhase;
			buildActionMask = 2147483647;
			files = (
			);
			runOnlyForDeploymentPostprocessing = 0;
		};
/* End PBXFrameworksBuildPhase section */

/* Begin PBXGroup section */
		4CF1FEF22869F0D40035D9E3 = {
			isa = PBXGroup;
			children = (
				4CF1FEFD2869F0D40035D9E3 /* Mappy */,
				4CF1FEFC2869F0D40035D9E3 /* Products */,
			);
			sourceTree = "<group>";
		};
		4CF1FEFC2869F0D40035D9E3 /* Products */ = {
			isa = PBXGroup;
			children = (
				4CF1FEFB2869F0D40035D9E3 /* Mappy.app */,
			);
			name = Products;
			sourceTree = "<group>";
		};
		4CF1FEFD2869F0D40035D9E3 /* Mappy */ = {
			isa = PBXGroup;
			children = (
				4CF1FF122869F2010035D9E3 /* Applications */,
				4CF1FF132869F20F0035D9E3 /* ViewControllers */,
				4CF1FF15286A03950035D9E3 /* Extension */,
				4CF1FF142869F2260035D9E3 /* Resources */,
			);
			path = Mappy;
			sourceTree = "<group>";
		};
		4CF1FF122869F2010035D9E3 /* Applications */ = {
			isa = PBXGroup;
			children = (
				4CF1FEFE2869F0D40035D9E3 /* AppDelegate.swift */,
				4CF1FF002869F0D40035D9E3 /* SceneDelegate.swift */,
			);
			path = Applications;
			sourceTree = "<group>";
		};
		4CF1FF132869F20F0035D9E3 /* ViewControllers */ = {
			isa = PBXGroup;
			children = (
				4CF1FF022869F0D40035D9E3 /* MapViewController.swift */,
			);
			path = ViewControllers;
			sourceTree = "<group>";
		};
		4CF1FF142869F2260035D9E3 /* Resources */ = {
			isa = PBXGroup;
			children = (
				4CF1FF072869F0DC0035D9E3 /* Assets.xcassets */,
				4CF1FF092869F0DC0035D9E3 /* LaunchScreen.storyboard */,
				4CF1FF0C2869F0DC0035D9E3 /* Info.plist */,
			);
			path = Resources;
			sourceTree = "<group>";
		};
		4CF1FF15286A03950035D9E3 /* Extension */ = {
			isa = PBXGroup;
			children = (
				4CF1FF16286A03CE0035D9E3 /* UIView + Extensions.swift */,
				4CF1FF1A286A06C60035D9E3 /* ViewController + AlertController.swift */,
				4CF1FF1C286A06FA0035D9E3 /* Extension + String.swift */,
			);
			path = Extension;
			sourceTree = "<group>";
		};
/* End PBXGroup section */

/* Begin PBXNativeTarget section */
		4CF1FEFA2869F0D40035D9E3 /* Mappy */ = {
			isa = PBXNativeTarget;
			buildConfigurationList = 4CF1FF0F2869F0DC0035D9E3 /* Build configuration list for PBXNativeTarget "Mappy" */;
			buildPhases = (
				4CF1FEF72869F0D40035D9E3 /* Sources */,
				4CF1FEF82869F0D40035D9E3 /* Frameworks */,
				4CF1FEF92869F0D40035D9E3 /* Resources */,
			);
			buildRules = (
			);
			dependencies = (
			);
			name = Mappy;
			productName = Mappy;
			productReference = 4CF1FEFB2869F0D40035D9E3 /* Mappy.app */;
			productType = "com.apple.product-type.application";
		};
/* End PBXNativeTarget section */

/* Begin PBXProject section */
		4CF1FEF32869F0D40035D9E3 /* Project object */ = {
			isa = PBXProject;
			attributes = {
				BuildIndependentTargetsInParallel = 1;
				LastSwiftUpdateCheck = 1330;
				LastUpgradeCheck = 1330;
				TargetAttributes = {
					4CF1FEFA2869F0D40035D9E3 = {
						CreatedOnToolsVersion = 13.3.1;
					};
				};
			};
			buildConfigurationList = 4CF1FEF62869F0D40035D9E3 /* Build configuration list for PBXProject "Mappy" */;
			compatibilityVersion = "Xcode 13.0";
			developmentRegion = en;
			hasScannedForEncodings = 0;
			knownRegions = (
				en,
				Base,
			);
			mainGroup = 4CF1FEF22869F0D40035D9E3;
			productRefGroup = 4CF1FEFC2869F0D40035D9E3 /* Products */;
			projectDirPath = "";
			projectRoot = "";
			targets = (
				4CF1FEFA2869F0D40035D9E3 /* Mappy */,
			);
		};
/* End PBXProject section */

/* Begin PBXResourcesBuildPhase section */
		4CF1FEF92869F0D40035D9E3 /* Resources */ = {
			isa = PBXResourcesBuildPhase;
			buildActionMask = 2147483647;
			files = (
				4CF1FF0B2869F0DC0035D9E3 /* LaunchScreen.storyboard in Resources */,
				4CF1FF082869F0DC0035D9E3 /* Assets.xcassets in Resources */,
			);
			runOnlyForDeploymentPostprocessing = 0;
		};
/* End PBXResourcesBuildPhase section */

/* Begin PBXSourcesBuildPhase section */
		4CF1FEF72869F0D40035D9E3 /* Sources */ = {
			isa = PBXSourcesBuildPhase;
			buildActionMask = 2147483647;
			files = (
				4CF1FF1D286A06FA0035D9E3 /* Extension + String.swift in Sources */,
				4CF1FF17286A03CE0035D9E3 /* UIView + Extensions.swift in Sources */,
				4CF1FF032869F0D40035D9E3 /* MapViewController.swift in Sources */,
				4CF1FEFF2869F0D40035D9E3 /* AppDelegate.swift in Sources */,
				4CF1FF012869F0D40035D9E3 /* SceneDelegate.swift in Sources */,
				4CF1FF1B286A06C60035D9E3 /* ViewController + AlertController.swift in Sources */,
			);
			runOnlyForDeploymentPostprocessing = 0;
		};
/* End PBXSourcesBuildPhase section */

/* Begin PBXVariantGroup section */
		4CF1FF092869F0DC0035D9E3 /* LaunchScreen.storyboard */ = {
			isa = PBXVariantGroup;
			children = (
				4CF1FF0A2869F0DC0035D9E3 /* Base */,
			);
			name = LaunchScreen.storyboard;
			sourceTree = "<group>";
		};
/* End PBXVariantGroup section */

/* Begin XCBuildConfiguration section */
		4CF1FF0D2869F0DC0035D9E3 /* Debug */ = {
			isa = XCBuildConfiguration;
			buildSettings = {
				ALWAYS_SEARCH_USER_PATHS = NO;
				CLANG_ANALYZER_NONNULL = YES;
				CLANG_ANALYZER_NUMBER_OBJECT_CONVERSION = YES_AGGRESSIVE;
				CLANG_CXX_LANGUAGE_STANDARD = "gnu++17";
				CLANG_ENABLE_MODULES = YES;
				CLANG_ENABLE_OBJC_ARC = YES;
				CLANG_ENABLE_OBJC_WEAK = YES;
				CLANG_WARN_BLOCK_CAPTURE_AUTORELEASING = YES;
				CLANG_WARN_BOOL_CONVERSION = YES;
				CLANG_WARN_COMMA = YES;
				CLANG_WARN_CONSTANT_CONVERSION = YES;
				CLANG_WARN_DEPRECATED_OBJC_IMPLEMENTATIONS = YES;
				CLANG_WARN_DIRECT_OBJC_ISA_USAGE = YES_ERROR;
				CLANG_WARN_DOCUMENTATION_COMMENTS = YES;
				CLANG_WARN_EMPTY_BODY = YES;
				CLANG_WARN_ENUM_CONVERSION = YES;
				CLANG_WARN_INFINITE_RECURSION = YES;
				CLANG_WARN_INT_CONVERSION = YES;
				CLANG_WARN_NON_LITERAL_NULL_CONVERSION = YES;
				CLANG_WARN_OBJC_IMPLICIT_RETAIN_SELF = YES;
				CLANG_WARN_OBJC_LITERAL_CONVERSION = YES;
				CLANG_WARN_OBJC_ROOT_CLASS = YES_ERROR;
				CLANG_WARN_QUOTED_INCLUDE_IN_FRAMEWORK_HEADER = YES;
				CLANG_WARN_RANGE_LOOP_ANALYSIS = YES;
				CLANG_WARN_STRICT_PROTOTYPES = YES;
				CLANG_WARN_SUSPICIOUS_MOVE = YES;
				CLANG_WARN_UNGUARDED_AVAILABILITY = YES_AGGRESSIVE;
				CLANG_WARN_UNREACHABLE_CODE = YES;
				CLANG_WARN__DUPLICATE_METHOD_MATCH = YES;
				COPY_PHASE_STRIP = NO;
				DEBUG_INFORMATION_FORMAT = dwarf;
				ENABLE_STRICT_OBJC_MSGSEND = YES;
				ENABLE_TESTABILITY = YES;
				GCC_C_LANGUAGE_STANDARD = gnu11;
				GCC_DYNAMIC_NO_PIC = NO;
				GCC_NO_COMMON_BLOCKS = YES;
				GCC_OPTIMIZATION_LEVEL = 0;
				GCC_PREPROCESSOR_DEFINITIONS = (
					"DEBUG=1",
					"$(inherited)",
				);
				GCC_WARN_64_TO_32_BIT_CONVERSION = YES;
				GCC_WARN_ABOUT_RETURN_TYPE = YES_ERROR;
				GCC_WARN_UNDECLARED_SELECTOR = YES;
				GCC_WARN_UNINITIALIZED_AUTOS = YES_AGGRESSIVE;
				GCC_WARN_UNUSED_FUNCTION = YES;
				GCC_WARN_UNUSED_VARIABLE = YES;
				IPHONEOS_DEPLOYMENT_TARGET = 15.4;
				MTL_ENABLE_DEBUG_INFO = INCLUDE_SOURCE;
				MTL_FAST_MATH = YES;
				ONLY_ACTIVE_ARCH = YES;
				SDKROOT = iphoneos;
				SWIFT_ACTIVE_COMPILATION_CONDITIONS = DEBUG;
				SWIFT_OPTIMIZATION_LEVEL = "-Onone";
			};
			name = Debug;
		};
		4CF1FF0E2869F0DC0035D9E3 /* Release */ = {
			isa = XCBuildConfiguration;
			buildSettings = {
				ALWAYS_SEARCH_USER_PATHS = NO;
				CLANG_ANALYZER_NONNULL = YES;
				CLANG_ANALYZER_NUMBER_OBJECT_CONVERSION = YES_AGGRESSIVE;
				CLANG_CXX_LANGUAGE_STANDARD = "gnu++17";
				CLANG_ENABLE_MODULES = YES;
				CLANG_ENABLE_OBJC_ARC = YES;
				CLANG_ENABLE_OBJC_WEAK = YES;
				CLANG_WARN_BLOCK_CAPTURE_AUTORELEASING = YES;
				CLANG_WARN_BOOL_CONVERSION = YES;
				CLANG_WARN_COMMA = YES;
				CLANG_WARN_CONSTANT_CONVERSION = YES;
				CLANG_WARN_DEPRECATED_OBJC_IMPLEMENTATIONS = YES;
				CLANG_WARN_DIRECT_OBJC_ISA_USAGE = YES_ERROR;
				CLANG_WARN_DOCUMENTATION_COMMENTS = YES;
				CLANG_WARN_EMPTY_BODY = YES;
				CLANG_WARN_ENUM_CONVERSION = YES;
				CLANG_WARN_INFINITE_RECURSION = YES;
				CLANG_WARN_INT_CONVERSION = YES;
				CLANG_WARN_NON_LITERAL_NULL_CONVERSION = YES;
				CLANG_WARN_OBJC_IMPLICIT_RETAIN_SELF = YES;
				CLANG_WARN_OBJC_LITERAL_CONVERSION = YES;
				CLANG_WARN_OBJC_ROOT_CLASS = YES_ERROR;
				CLANG_WARN_QUOTED_INCLUDE_IN_FRAMEWORK_HEADER = YES;
				CLANG_WARN_RANGE_LOOP_ANALYSIS = YES;
				CLANG_WARN_STRICT_PROTOTYPES = YES;
				CLANG_WARN_SUSPICIOUS_MOVE = YES;
				CLANG_WARN_UNGUARDED_AVAILABILITY = YES_AGGRESSIVE;
				CLANG_WARN_UNREACHABLE_CODE = YES;
				CLANG_WARN__DUPLICATE_METHOD_MATCH = YES;
				COPY_PHASE_STRIP = NO;
				DEBUG_INFORMATION_FORMAT = "dwarf-with-dsym";
				ENABLE_NS_ASSERTIONS = NO;
				ENABLE_STRICT_OBJC_MSGSEND = YES;
				GCC_C_LANGUAGE_STANDARD = gnu11;
				GCC_NO_COMMON_BLOCKS = YES;
				GCC_WARN_64_TO_32_BIT_CONVERSION = YES;
				GCC_WARN_ABOUT_RETURN_TYPE = YES_ERROR;
				GCC_WARN_UNDECLARED_SELECTOR = YES;
				GCC_WARN_UNINITIALIZED_AUTOS = YES_AGGRESSIVE;
				GCC_WARN_UNUSED_FUNCTION = YES;
				GCC_WARN_UNUSED_VARIABLE = YES;
				IPHONEOS_DEPLOYMENT_TARGET = 15.4;
				MTL_ENABLE_DEBUG_INFO = NO;
				MTL_FAST_MATH = YES;
				SDKROOT = iphoneos;
				SWIFT_COMPILATION_MODE = wholemodule;
				SWIFT_OPTIMIZATION_LEVEL = "-O";
				VALIDATE_PRODUCT = YES;
			};
			name = Release;
		};
		4CF1FF102869F0DC0035D9E3 /* Debug */ = {
			isa = XCBuildConfiguration;
			buildSettings = {
				ASSETCATALOG_COMPILER_APPICON_NAME = AppIcon;
				ASSETCATALOG_COMPILER_GLOBAL_ACCENT_COLOR_NAME = AccentColor;
				CODE_SIGN_STYLE = Automatic;
				CURRENT_PROJECT_VERSION = 1;
				DEVELOPMENT_TEAM = SQPM757FFZ;
				GENERATE_INFOPLIST_FILE = YES;
				INFOPLIST_FILE = Mappy/Resources/Info.plist;
				INFOPLIST_KEY_UIApplicationSupportsIndirectInputEvents = YES;
				INFOPLIST_KEY_UILaunchStoryboardName = LaunchScreen;
				INFOPLIST_KEY_UISupportedInterfaceOrientations = UIInterfaceOrientationPortrait;
				INFOPLIST_KEY_UISupportedInterfaceOrientations_iPad = "UIInterfaceOrientationPortrait UIInterfaceOrientationPortraitUpsideDown UIInterfaceOrientationLandscapeLeft UIInterfaceOrientationLandscapeRight";
				INFOPLIST_KEY_UISupportedInterfaceOrientations_iPhone = "UIInterfaceOrientationPortrait UIInterfaceOrientationLandscapeLeft UIInterfaceOrientationLandscapeRight";
				LD_RUNPATH_SEARCH_PATHS = (
					"$(inherited)",
					"@executable_path/Frameworks",
				);
				MARKETING_VERSION = 1.0;
				PRODUCT_BUNDLE_IDENTIFIER = akhm.Mappy;
				PRODUCT_NAME = "$(TARGET_NAME)";
				SWIFT_EMIT_LOC_STRINGS = YES;
				SWIFT_VERSION = 5.0;
				TARGETED_DEVICE_FAMILY = "1,2";
			};
			name = Debug;
		};
		4CF1FF112869F0DC0035D9E3 /* Release */ = {
			isa = XCBuildConfiguration;
			buildSettings = {
				ASSETCATALOG_COMPILER_APPICON_NAME = AppIcon;
				ASSETCATALOG_COMPILER_GLOBAL_ACCENT_COLOR_NAME = AccentColor;
				CODE_SIGN_STYLE = Automatic;
				CURRENT_PROJECT_VERSION = 1;
				DEVELOPMENT_TEAM = SQPM757FFZ;
				GENERATE_INFOPLIST_FILE = YES;
				INFOPLIST_FILE = Mappy/Resources/Info.plist;
				INFOPLIST_KEY_UIApplicationSupportsIndirectInputEvents = YES;
				INFOPLIST_KEY_UILaunchStoryboardName = LaunchScreen;
				INFOPLIST_KEY_UISupportedInterfaceOrientations = UIInterfaceOrientationPortrait;
				INFOPLIST_KEY_UISupportedInterfaceOrientations_iPad = "UIInterfaceOrientationPortrait UIInterfaceOrientationPortraitUpsideDown UIInterfaceOrientationLandscapeLeft UIInterfaceOrientationLandscapeRight";
				INFOPLIST_KEY_UISupportedInterfaceOrientations_iPhone = "UIInterfaceOrientationPortrait UIInterfaceOrientationLandscapeLeft UIInterfaceOrientationLandscapeRight";
				LD_RUNPATH_SEARCH_PATHS = (
					"$(inherited)",
					"@executable_path/Frameworks",
				);
				MARKETING_VERSION = 1.0;
				PRODUCT_BUNDLE_IDENTIFIER = akhm.Mappy;
				PRODUCT_NAME = "$(TARGET_NAME)";
				SWIFT_EMIT_LOC_STRINGS = YES;
				SWIFT_VERSION = 5.0;
				TARGETED_DEVICE_FAMILY = "1,2";
			};
			name = Release;
		};
/* End XCBuildConfiguration section */

/* Begin XCConfigurationList section */
		4CF1FEF62869F0D40035D9E3 /* Build configuration list for PBXProject "Mappy" */ = {
			isa = XCConfigurationList;
			buildConfigurations = (
				4CF1FF0D2869F0DC0035D9E3 /* Debug */,
				4CF1FF0E2869F0DC0035D9E3 /* Release */,
			);
			defaultConfigurationIsVisible = 0;
			defaultConfigurationName = Release;
		};
		4CF1FF0F2869F0DC0035D9E3 /* Build configuration list for PBXNativeTarget "Mappy" */ = {
			isa = XCConfigurationList;
			buildConfigurations = (
				4CF1FF102869F0DC0035D9E3 /* Debug */,
				4CF1FF112869F0DC0035D9E3 /* Release */,
			);
			defaultConfigurationIsVisible = 0;
			defaultConfigurationName = Release;
		};
/* End XCConfigurationList section */
	};
	rootObject = 4CF1FEF32869F0D40035D9E3 /* Project object */;
}
